# THIS IS AN AUTOGENERATED FILE. DO NOT EDIT THIS FILE DIRECTLY.
# yarn lockfile v1


"@nodelib/fs.scandir@2.1.5":
  version "2.1.5"
  resolved "https://registry.yarnpkg.com/@nodelib/fs.scandir/-/fs.scandir-2.1.5.tgz#7619c2eb21b25483f6d167548b4cfd5a7488c3d5"
  integrity sha512-vq24Bq3ym5HEQm2NKCr3yXDwjc7vTsEThRDnkp2DK9p1uqLR+DHurm/NOTo0KG7HYHU7eppKZj3MyqYuMBf62g==
  dependencies:
    "@nodelib/fs.stat" "2.0.5"
    run-parallel "^1.1.9"

"@nodelib/fs.stat@2.0.5", "@nodelib/fs.stat@^2.0.2":
  version "2.0.5"
  resolved "https://registry.yarnpkg.com/@nodelib/fs.stat/-/fs.stat-2.0.5.tgz#5bd262af94e9d25bd1e71b05deed44876a222e8b"
  integrity sha512-RkhPPp2zrqDAQA/2jNhnztcPAlv64XdhIp7a7454A5ovI7Bukxgt7MX7udwAu3zg1DcpPU0rz3VV1SeaqvY4+A==

"@nodelib/fs.walk@^1.2.3":
  version "1.2.8"
  resolved "https://registry.yarnpkg.com/@nodelib/fs.walk/-/fs.walk-1.2.8.tgz#e95737e8bb6746ddedf69c556953494f196fe69a"
  integrity sha512-oGB+UxlgWcgQkgwo8GcEGwemoTFt3FIO9ababBmaGwXIoBKZ+GTy0pP185beGg7Llih/NSHSV2XAs1lnznocSg==
  dependencies:
    "@nodelib/fs.scandir" "2.1.5"
    fastq "^1.6.0"

"@swc/cli@0.1.57":
  version "0.1.57"
  resolved "https://registry.yarnpkg.com/@swc/cli/-/cli-0.1.57.tgz#a9c424de5a217ec20a4b7c2c0e5c343980537e83"
  integrity sha512-HxM8TqYHhAg+zp7+RdTU69bnkl4MWdt1ygyp6BDIPjTiaJVH6Dizn2ezbgDS8mnFZI1FyhKvxU/bbaUs8XhzQg==
  dependencies:
    commander "^7.1.0"
    fast-glob "^3.2.5"
    slash "3.0.0"
    source-map "^0.7.3"

"@swc/core-android-arm-eabi@1.2.172":
  version "1.2.172"
  resolved "https://registry.yarnpkg.com/@swc/core-android-arm-eabi/-/core-android-arm-eabi-1.2.172.tgz#f1517960c818633eb3564b02724a9b3c72eb1317"
  integrity sha512-r0Jf/ZArqPDQ0zojA2IrI4/OZoWUu/Rti0dbO/f5lYJNzasNZwelhN7xrGrzTm39ZFL5ekDw66FLFPP0q0bMgw==

"@swc/core-android-arm64@1.2.172":
  version "1.2.172"
  resolved "https://registry.yarnpkg.com/@swc/core-android-arm64/-/core-android-arm64-1.2.172.tgz#8d0c832609029a1f152fb930353fd027c0e0941e"
  integrity sha512-l+D0nq6jR6FV8NwhWKIz1lwGbGBHAK8OnmyJfgiVnv+vMGm8LEocU7T2XBq+5ixWdeMtIYbD/g0zapbcaWbouw==

"@swc/core-darwin-arm64@1.2.172":
  version "1.2.172"
  resolved "https://registry.yarnpkg.com/@swc/core-darwin-arm64/-/core-darwin-arm64-1.2.172.tgz#b267937980fbcca13a27182d3abb9d425ea4b5e9"
  integrity sha512-8BnauUKiScAEXzS6Ldk8GNP2BnH8RS5nF93xaeO0cUgc7QuBarwH5Y+tSCY9Vy4uUkCBY1gKe8yaJUXsvT5C0w==

"@swc/core-darwin-x64@1.2.172":
  version "1.2.172"
  resolved "https://registry.yarnpkg.com/@swc/core-darwin-x64/-/core-darwin-x64-1.2.172.tgz#733e091b3967be8667eef7d4126954b142ebdd6c"
  integrity sha512-NlT+ginLBAYlGQzXiW+ZjlBD2/dTP5mo0ByF0nIdku4cFiTbIOfuTe6Uc0SrcIER1vuVBBvJkZmVrtgaV8DeAQ==

"@swc/core-freebsd-x64@1.2.172":
  version "1.2.172"
  resolved "https://registry.yarnpkg.com/@swc/core-freebsd-x64/-/core-freebsd-x64-1.2.172.tgz#a09b20f0792a6d6c229f8493a67eac95d0830bca"
  integrity sha512-TBDGbX9WInEAOCAYWJthqhCpqcETjTSYVNicKQsUMSbYbBOYqtOSeLBKxDTT7E4sP4owvUW8mzig5Iuz2vJseg==

"@swc/core-linux-arm-gnueabihf@1.2.172":
  version "1.2.172"
  resolved "https://registry.yarnpkg.com/@swc/core-linux-arm-gnueabihf/-/core-linux-arm-gnueabihf-1.2.172.tgz#9f29ef3cca1b29528db8a567fe0ac713b9ec5019"
  integrity sha512-oe+py6WiWRi/IqmkQFfD7HEkGTv1AAYgTW0sxDbsQP7BM8FyKtMyJoey1umE5IumewSf5gAZ8Twf4h0YPvR5wQ==

"@swc/core-linux-arm64-gnu@1.2.172":
  version "1.2.172"
  resolved "https://registry.yarnpkg.com/@swc/core-linux-arm64-gnu/-/core-linux-arm64-gnu-1.2.172.tgz#45a08785ad7aab3179466bfd898bdae3ef5ad140"
  integrity sha512-dlseuiwjR1/sDNOJtpLB/MxeyuPq+5M6gzB+E1IVHZNSDeexXt8jVF7pomTHLmIkKl8sm2uVwVKK6r2KUH9Gcg==

"@swc/core-linux-arm64-musl@1.2.172":
  version "1.2.172"
  resolved "https://registry.yarnpkg.com/@swc/core-linux-arm64-musl/-/core-linux-arm64-musl-1.2.172.tgz#77d125b5a2d22610fa8412eac55134c97b0293ba"
  integrity sha512-gBGg7tgF3s5YZAUShHBs3LcQuZdFhlrwz5ixXnKy2p6dJjN9idMddj7sEV+e/O3q5jsL7T0aaIHE1/t24oLniQ==

"@swc/core-linux-x64-gnu@1.2.172":
  version "1.2.172"
  resolved "https://registry.yarnpkg.com/@swc/core-linux-x64-gnu/-/core-linux-x64-gnu-1.2.172.tgz#f2f376596f606de2df8123764c290ddbedf8e534"
  integrity sha512-t1X3grtfEqLmEtBfsbOO/k/xBocVGhCh3jIeeko2ra1AYWH6KW3fboz8tLvLNyAVzbfzTHnUxcRfRvwIKQnFXg==

"@swc/core-linux-x64-musl@1.2.172":
  version "1.2.172"
  resolved "https://registry.yarnpkg.com/@swc/core-linux-x64-musl/-/core-linux-x64-musl-1.2.172.tgz#82c3613ced8d464bfaf932b09fc98d03cb612882"
  integrity sha512-lPlZg2zRiiVDSmrJZMvqjPHF69heekEXzN1t7k8jeHrL89c1KEOrTFN0ZMcGFkkjWgq04ba6o1RyubTI2B29rw==

"@swc/core-win32-arm64-msvc@1.2.172":
  version "1.2.172"
  resolved "https://registry.yarnpkg.com/@swc/core-win32-arm64-msvc/-/core-win32-arm64-msvc-1.2.172.tgz#19d7193e736285d5f3770db17466628e9b4c5413"
  integrity sha512-pAMjBrWEhp33C1F1klvfN3ICU7keX70Ms22bTsobsghUIi1gFY3IUG3rd+BV7dmMpF0FomQRrHjcMoM3T4Urlw==

"@swc/core-win32-ia32-msvc@1.2.172":
  version "1.2.172"
  resolved "https://registry.yarnpkg.com/@swc/core-win32-ia32-msvc/-/core-win32-ia32-msvc-1.2.172.tgz#605c8a65a7ef9c44f5105a90c12b56851a1fb101"
  integrity sha512-Z1inaIQSBETWm/r1kkQGa40g7UnEJRmaJm+qOUVjPPCeNNmmcD6bnDbb2SNv3NC0c6odtnn9yiOIWJTiZKyeCg==

"@swc/core-win32-x64-msvc@1.2.172":
  version "1.2.172"
  resolved "https://registry.yarnpkg.com/@swc/core-win32-x64-msvc/-/core-win32-x64-msvc-1.2.172.tgz#8330d2f4a921e49f46a1a7e8657ce1797c71875b"
  integrity sha512-q9nMpPpxgBG7j5p31YSag+fm6LjDzorUIRY22QMG/Os68q14sGITm0+B5bLzxa/VkfpqHXLZ48XdcyA3UkKXXw==

"@swc/core@1.2.172":
  version "1.2.172"
  resolved "https://registry.yarnpkg.com/@swc/core/-/core-1.2.172.tgz#765a5138fc85a24ca77cd3feea004cf4ff32c8a6"
  integrity sha512-Jd3Czz46LUrBldXO1G9LUOoH/PxkRWxwsf2siUaX5arC2bkQsRt7i7czVHo0cbaCo78Nr84jvDN1gBr6e1aEtQ==
  optionalDependencies:
    "@swc/core-android-arm-eabi" "1.2.172"
    "@swc/core-android-arm64" "1.2.172"
    "@swc/core-darwin-arm64" "1.2.172"
    "@swc/core-darwin-x64" "1.2.172"
    "@swc/core-freebsd-x64" "1.2.172"
    "@swc/core-linux-arm-gnueabihf" "1.2.172"
    "@swc/core-linux-arm64-gnu" "1.2.172"
    "@swc/core-linux-arm64-musl" "1.2.172"
    "@swc/core-linux-x64-gnu" "1.2.172"
    "@swc/core-linux-x64-musl" "1.2.172"
    "@swc/core-win32-arm64-msvc" "1.2.172"
    "@swc/core-win32-ia32-msvc" "1.2.172"
    "@swc/core-win32-x64-msvc" "1.2.172"

"@types/node@16.11.40":
  version "16.11.40"
  resolved "https://registry.yarnpkg.com/@types/node/-/node-16.11.40.tgz#bcf85f3febe74436107aeb2d3fb5fd0d30818600"
  integrity sha512-7bOWglXUO6f21NG3YDI7hIpeMX3M59GG+DzZuzX2EkFKYUnRoxq3EOg4R0KNv2hxryY9M3UUqG5akwwsifrukw==

braces@^3.0.2:
  version "3.0.2"
  resolved "https://registry.yarnpkg.com/braces/-/braces-3.0.2.tgz#3454e1a462ee8d599e236df336cd9ea4f8afe107"
  integrity sha512-b8um+L1RzM3WDSzvhm6gIz1yfTbBt6YTlcEKAvsmqCZZFw46z626lVj9j1yEPW33H5H+lBQpZMP1k8l+78Ha0A==
  dependencies:
    fill-range "^7.0.1"

commander@^7.1.0:
  version "7.2.0"
  resolved "https://registry.yarnpkg.com/commander/-/commander-7.2.0.tgz#a36cb57d0b501ce108e4d20559a150a391d97ab7"
  integrity sha512-QrWXB+ZQSVPmIWIhtEO9H+gwHaMGYiF5ChvoJ+K9ZGHG/sVsa6yiesAD1GC/x46sET00Xlwo1u49RVVVzvcSkw==

fast-glob@^3.2.5:
  version "3.2.11"
  resolved "https://registry.yarnpkg.com/fast-glob/-/fast-glob-3.2.11.tgz#a1172ad95ceb8a16e20caa5c5e56480e5129c1d9"
  integrity sha512-xrO3+1bxSo3ZVHAnqzyuewYT6aMFHRAd4Kcs92MAonjwQZLsK9d0SF1IyQ3k5PoirxTW0Oe/RqFgMQ6TcNE5Ew==
  dependencies:
    "@nodelib/fs.stat" "^2.0.2"
    "@nodelib/fs.walk" "^1.2.3"
    glob-parent "^5.1.2"
    merge2 "^1.3.0"
    micromatch "^4.0.4"

fastq@^1.6.0:
  version "1.13.0"
  resolved "https://registry.yarnpkg.com/fastq/-/fastq-1.13.0.tgz#616760f88a7526bdfc596b7cab8c18938c36b98c"
  integrity sha512-YpkpUnK8od0o1hmeSc7UUs/eB/vIPWJYjKck2QKIzAf71Vm1AAQ3EbuZB3g2JIy+pg+ERD0vqI79KyZiB2e2Nw==
  dependencies:
    reusify "^1.0.4"

fill-range@^7.0.1:
  version "7.0.1"
  resolved "https://registry.yarnpkg.com/fill-range/-/fill-range-7.0.1.tgz#1919a6a7c75fe38b2c7c77e5198535da9acdda40"
  integrity sha512-qOo9F+dMUmC2Lcb4BbVvnKJxTPjCm+RRpe4gDuGrzkL7mEVl/djYSu2OdQ2Pa302N4oqkSg9ir6jaLWJ2USVpQ==
  dependencies:
    to-regex-range "^5.0.1"

glob-parent@^5.1.2:
  version "5.1.2"
  resolved "https://registry.yarnpkg.com/glob-parent/-/glob-parent-5.1.2.tgz#869832c58034fe68a4093c17dc15e8340d8401c4"
  integrity sha512-AOIgSQCepiJYwP3ARnGx+5VnTu2HBYdzbGP45eLw1vr3zB3vZLeyed1sC9hnbcOc9/SrMyM5RPQrkGz4aS9Zow==
  dependencies:
    is-glob "^4.0.1"

is-extglob@^2.1.1:
  version "2.1.1"
  resolved "https://registry.yarnpkg.com/is-extglob/-/is-extglob-2.1.1.tgz#a88c02535791f02ed37c76a1b9ea9773c833f8c2"
  integrity sha512-SbKbANkN603Vi4jEZv49LeVJMn4yGwsbzZworEoyEiutsN3nJYdbO36zfhGJ6QEDpOZIFkDtnq5JRxmvl3jsoQ==

is-glob@^4.0.1:
  version "4.0.3"
  resolved "https://registry.yarnpkg.com/is-glob/-/is-glob-4.0.3.tgz#64f61e42cbbb2eec2071a9dac0b28ba1e65d5084"
  integrity sha512-xelSayHH36ZgE7ZWhli7pW34hNbNl8Ojv5KVmkJD4hBdD3th8Tfk9vYasLM+mXWOZhFkgZfxhLSnrwRr4elSSg==
  dependencies:
    is-extglob "^2.1.1"

is-number@^7.0.0:
  version "7.0.0"
  resolved "https://registry.yarnpkg.com/is-number/-/is-number-7.0.0.tgz#7535345b896734d5f80c4d06c50955527a14f12b"
  integrity sha512-41Cifkg6e8TylSpdtTpeLVMqvSBEVzTttHvERD741+pnZ8ANv0004MRL43QKPDlK9cGvNp6NZWZUBlbGXYxxng==

merge2@^1.3.0:
  version "1.4.1"
  resolved "https://registry.yarnpkg.com/merge2/-/merge2-1.4.1.tgz#4368892f885e907455a6fd7dc55c0c9d404990ae"
  integrity sha512-8q7VEgMJW4J8tcfVPy8g09NcQwZdbwFEqhe/WZkoIzjn/3TGDwtOCYtXGxA3O8tPzpczCCDgv+P2P5y00ZJOOg==

micromatch@^4.0.4:
  version "4.0.5"
  resolved "https://registry.yarnpkg.com/micromatch/-/micromatch-4.0.5.tgz#bc8999a7cbbf77cdc89f132f6e467051b49090c6"
  integrity sha512-DMy+ERcEW2q8Z2Po+WNXuw3c5YaUSFjAO5GsJqfEl7UjvtIuFKO6ZrKvcItdy98dwFI2N1tg3zNIdKaQT+aNdA==
  dependencies:
    braces "^3.0.2"
    picomatch "^2.3.1"

picomatch@^2.3.1:
  version "2.3.1"
  resolved "https://registry.yarnpkg.com/picomatch/-/picomatch-2.3.1.tgz#3ba3833733646d9d3e4995946c1365a67fb07a42"
  integrity sha512-JU3teHTNjmE2VCGFzuY8EXzCDVwEqB2a8fsIvwaStHhAWJEeVd1o1QD80CU6+ZdEXXSLbSsuLwJjkCBWqRQUVA==

queue-microtask@^1.2.2:
  version "1.2.3"
  resolved "https://registry.yarnpkg.com/queue-microtask/-/queue-microtask-1.2.3.tgz#4929228bbc724dfac43e0efb058caf7b6cfb6243"
  integrity sha512-NuaNSa6flKT5JaSYQzJok04JzTL1CA6aGhv5rfLW3PgqA+M2ChpZQnAC8h8i4ZFkBS8X5RqkDBHA7r4hej3K9A==

reusify@^1.0.4:
  version "1.0.4"
  resolved "https://registry.yarnpkg.com/reusify/-/reusify-1.0.4.tgz#90da382b1e126efc02146e90845a88db12925d76"
  integrity sha512-U9nH88a3fc/ekCF1l0/UP1IosiuIjyTh7hBvXVMHYgVcfGvt897Xguj2UOLDeI5BG2m7/uwyaLVT6fbtCwTyzw==

run-parallel@^1.1.9:
  version "1.2.0"
  resolved "https://registry.yarnpkg.com/run-parallel/-/run-parallel-1.2.0.tgz#66d1368da7bdf921eb9d95bd1a9229e7f21a43ee"
  integrity sha512-5l4VyZR86LZ/lDxZTR6jqL8AFE2S0IFLMP26AbjsLVADxHdhB/c0GUsH+y39UfCi3dzz8OlQuPmnaJOMoDHQBA==
  dependencies:
    queue-microtask "^1.2.2"

slash@3.0.0:
  version "3.0.0"
  resolved "https://registry.yarnpkg.com/slash/-/slash-3.0.0.tgz#6539be870c165adbd5240220dbe361f1bc4d4634"
  integrity sha512-g9Q1haeby36OSStwb4ntCGGGaKsaVSjQ68fBxoQcutl5fS1vuY18H3wSt3jFyFtrkx+Kz0V1G85A4MyAdDMi2Q==

source-map@^0.7.3:
  version "0.7.4"
  resolved "https://registry.yarnpkg.com/source-map/-/source-map-0.7.4.tgz#a9bbe705c9d8846f4e08ff6765acf0f1b0898656"
  integrity sha512-l3BikUxvPOcn5E74dZiq5BGsTb5yEwhaTSzccU6t4sDOH8NWJCstKO5QT2CvtFoK6F0saL7p9xHAqHOlCPJygA==

to-regex-range@^5.0.1:
  version "5.0.1"
  resolved "https://registry.yarnpkg.com/to-regex-range/-/to-regex-range-5.0.1.tgz#1648c44aae7c8d988a326018ed72f5b4dd0392e4"
  integrity sha512-65P7iz6X5yEr1cwcgvQxbbIw7Uk3gOy5dIdtZ4rDveLqhrdJP+Li/Hx6tyK0NEb+2GCyneCMJiGqrADCSNk8sQ==
  dependencies:
    is-number "^7.0.0"

tslib@2.3.0:
  version "2.3.0"
  resolved "https://registry.yarnpkg.com/tslib/-/tslib-2.3.0.tgz#803b8cdab3e12ba581a4ca41c8839bbb0dacb09e"
  integrity sha512-N82ooyxVNm6h1riLCoyS9e3fuJ3AMG2zIZs2Gd1ATcSFjSA23Q0fzjjZeh0jbJvWVDZ0cJT8yaNNaaXHzueNjg==

typescript@4.3.4:
  version "4.3.4"
  resolved "https://registry.yarnpkg.com/typescript/-/typescript-4.3.4.tgz#3f85b986945bcf31071decdd96cf8bfa65f9dcbc"
  integrity sha512-uauPG7XZn9F/mo+7MrsRjyvbxFpzemRjKEZXS4AK83oP2KKOJPvb+9cO/gmnv8arWZvhnjVOXz7B49m1l0e9Ew==
